# generated by rye
# use `rye lock` or `rye sync` to update this lockfile
#
# last locked with the following flags:
#   pre: false
#   features: []
#   all-features: false
#   with-sources: false
#   generate-hashes: false
#   universal: false

-e file:.
cffi==1.17.0
    # via my-project
maturin==1.7.1
    # via my-project
pip==24.2
    # via my-project
pycparser==2.22
    # via cffi
